
Microsoft Visual Studio Solution File, Format Version 12.00
# Visual Studio Version 17
VisualStudioVersion = 17.0.32014.148
MinimumVisualStudioVersion = 10.0.40219.1
Project("{FAE04EC0-301F-11D3-BF4B-00C04F79EFBC}") = "MyMathApp", "MyMathApp\MyMathApp.csproj", "{C69186F6-780C-46E3-B1D3-9DF2A018194B}"
EndProject
Project("{FAE04EC0-301F-11D3-BF4B-00C04F79EFBC}") = "MyMathTest", "MyMathTest\MyMathTest.csproj", "{20759F70-7BC3-4F89-8380-46BBF5883A3C}"
EndProject
Global
	GlobalSection(SolutionConfigurationPlatforms) = preSolution
		Debug|Any CPU = Debug|Any CPU
		Release|Any CPU = Release|Any CPU
	EndGlobalSection
	GlobalSection(ProjectConfigurationPlatforms) = postSolution
		{C69186F6-780C-46E3-B1D3-9DF2A018194B}.Debug|Any CPU.ActiveCfg = Debug|Any CPU
		{C69186F6-780C-46E3-B1D3-9DF2A018194B}.Debug|Any CPU.Build.0 = Debug|Any CPU
		{C69186F6-780C-46E3-B1D3-9DF2A018194B}.Release|Any CPU.ActiveCfg = Release|Any CPU
		{C69186F6-780C-46E3-B1D3-9DF2A018194B}.Release|Any CPU.Build.0 = Release|Any CPU
		{20759F70-7BC3-4F89-8380-46BBF5883A3C}.Debug|Any CPU.ActiveCfg = Debug|Any CPU
		{20759F70-7BC3-4F89-8380-46BBF5883A3C}.Debug|Any CPU.Build.0 = Debug|Any CPU
		{20759F70-7BC3-4F89-8380-46BBF5883A3C}.Release|Any CPU.ActiveCfg = Release|Any CPU
		{20759F70-7BC3-4F89-8380-46BBF5883A3C}.Release|Any CPU.Build.0 = Release|Any CPU
	EndGlobalSection
	GlobalSection(SolutionProperties) = preSolution
		HideSolutionNode = FALSE
	EndGlobalSection
	GlobalSection(ExtensibilityGlobals) = postSolution
		SolutionGuid = {61C7A73D-C1F7-46CC-8410-67EF7D397025}
	EndGlobalSection
EndGlobal
